
Microsoft Visual Studio Solution File, Format Version 12.00
# Visual Studio Version 17
VisualStudioVersion = 17.13.35931.197 d17.13
MinimumVisualStudioVersion = 10.0.40219.1
Project("{FAE04EC0-301F-11D3-BF4B-00C04F79EFBC}") = "Datos.Aleatorios", "Datos.Aleatorios\Datos.Aleatorios.csproj", "{EC11E176-7B3C-4EE1-B7D8-B6D01B62B79D}"
EndProject
Global
	GlobalSection(SolutionConfigurationPlatforms) = preSolution
		Debug|Any CPU = Debug|Any CPU
		Release|Any CPU = Release|Any CPU
	EndGlobalSection
	GlobalSection(ProjectConfigurationPlatforms) = postSolution
		{EC11E176-7B3C-4EE1-B7D8-B6D01B62B79D}.Debug|Any CPU.ActiveCfg = Debug|Any CPU
		{EC11E176-7B3C-4EE1-B7D8-B6D01B62B79D}.Debug|Any CPU.Build.0 = Debug|Any CPU
		{EC11E176-7B3C-4EE1-B7D8-B6D01B62B79D}.Release|Any CPU.ActiveCfg = Release|Any CPU
		{EC11E176-7B3C-4EE1-B7D8-B6D01B62B79D}.Release|Any CPU.Build.0 = Release|Any CPU
	EndGlobalSection
	GlobalSection(SolutionProperties) = preSolution
		HideSolutionNode = FALSE
	EndGlobalSection
	GlobalSection(ExtensibilityGlobals) = postSolution
		SolutionGuid = {FE90D9B5-1406-41B5-969B-ABC85EA107CD}
	EndGlobalSection
EndGlobal
