
Microsoft Visual Studio Solution File, Format Version 12.00
# Visual Studio Version 17
VisualStudioVersion = 17.13.35931.197 d17.13
MinimumVisualStudioVersion = 10.0.40219.1
Project("{FAE04EC0-301F-11D3-BF4B-00C04F79EFBC}") = "NumerosAleatorios", "NumerosAleatorios.csproj", "{D6885D8A-F47A-4868-A9FC-8C9C5CF081C8}"
EndProject
Project("{2150E333-8FDC-42A3-9474-1A3956D46DE8}") = "Elementos de la solución", "Elementos de la solución", "{D107F4C8-89CC-BEA8-D3D7-CA6B7733353D}"
	ProjectSection(SolutionItems) = preProject
		Empleado.cs = Empleado.cs
	EndProjectSection
EndProject
Global
	GlobalSection(SolutionConfigurationPlatforms) = preSolution
		Debug|Any CPU = Debug|Any CPU
		Release|Any CPU = Release|Any CPU
	EndGlobalSection
	GlobalSection(ProjectConfigurationPlatforms) = postSolution
		{D6885D8A-F47A-4868-A9FC-8C9C5CF081C8}.Debug|Any CPU.ActiveCfg = Debug|Any CPU
		{D6885D8A-F47A-4868-A9FC-8C9C5CF081C8}.Debug|Any CPU.Build.0 = Debug|Any CPU
		{D6885D8A-F47A-4868-A9FC-8C9C5CF081C8}.Release|Any CPU.ActiveCfg = Release|Any CPU
		{D6885D8A-F47A-4868-A9FC-8C9C5CF081C8}.Release|Any CPU.Build.0 = Release|Any CPU
	EndGlobalSection
	GlobalSection(SolutionProperties) = preSolution
		HideSolutionNode = FALSE
	EndGlobalSection
	GlobalSection(ExtensibilityGlobals) = postSolution
		SolutionGuid = {3D1C1203-7CEC-413D-BD7F-5E7B8A1A0A57}
	EndGlobalSection
EndGlobal
